
Microsoft Visual Studio Solution File, Format Version 12.00
# Visual Studio Version 17
VisualStudioVersion = 17.11.35222.181
MinimumVisualStudioVersion = 10.0.40219.1
Project("{9A19103F-16F7-4668-BE54-9A1E7A4F7556}") = "CopilotSessionTracker", "src\CopilotSessionTracker\CopilotSessionTracker.csproj", "{DE14055B-9A03-4A93-88D9-7105D2FD26D9}"
EndProject
Project("{2150E333-8FDC-42A3-9474-1A3956D46DE8}") = "src", "src", "{827E0CD3-B72D-47B6-A68D-7590B98EB39B}"
EndProject
Project("{FAE04EC0-301F-11D3-BF4B-00C04F79EFBC}") = "CopilotSessionTracker.Core", "src\CopilotSessionTracker.Core\CopilotSessionTracker.Core.csproj", "{31899E4F-DA88-43CB-BF8F-C80516FEACA5}"
EndProject
Project("{2150E333-8FDC-42A3-9474-1A3956D46DE8}") = "tests", "tests", "{0AB3BF05-4346-4AA6-1389-037BE0695223}"
EndProject
Project("{FAE04EC0-301F-11D3-BF4B-00C04F79EFBC}") = "CopilotSessionTracker.Tests", "tests\CopilotSessionTracker.Tests\CopilotSessionTracker.Tests.csproj", "{728C96B9-399D-43F1-A60A-CE97AC3BFF98}"
EndProject
Global
	GlobalSection(SolutionConfigurationPlatforms) = preSolution
		Debug|Any CPU = Debug|Any CPU
		Debug|ARM64 = Debug|ARM64
		Debug|x64 = Debug|x64
		Debug|x86 = Debug|x86
		Release|Any CPU = Release|Any CPU
		Release|ARM64 = Release|ARM64
		Release|x64 = Release|x64
		Release|x86 = Release|x86
	EndGlobalSection
	GlobalSection(ProjectConfigurationPlatforms) = postSolution
		{DE14055B-9A03-4A93-88D9-7105D2FD26D9}.Debug|Any CPU.ActiveCfg = Debug|x64
		{DE14055B-9A03-4A93-88D9-7105D2FD26D9}.Debug|Any CPU.Build.0 = Debug|x64
		{DE14055B-9A03-4A93-88D9-7105D2FD26D9}.Debug|ARM64.ActiveCfg = Debug|ARM64
		{DE14055B-9A03-4A93-88D9-7105D2FD26D9}.Debug|ARM64.Build.0 = Debug|ARM64
		{DE14055B-9A03-4A93-88D9-7105D2FD26D9}.Debug|x64.ActiveCfg = Debug|x64
		{DE14055B-9A03-4A93-88D9-7105D2FD26D9}.Debug|x64.Build.0 = Debug|x64
		{DE14055B-9A03-4A93-88D9-7105D2FD26D9}.Debug|x86.ActiveCfg = Debug|x86
		{DE14055B-9A03-4A93-88D9-7105D2FD26D9}.Debug|x86.Build.0 = Debug|x86
		{DE14055B-9A03-4A93-88D9-7105D2FD26D9}.Release|Any CPU.ActiveCfg = Release|x64
		{DE14055B-9A03-4A93-88D9-7105D2FD26D9}.Release|Any CPU.Build.0 = Release|x64
		{DE14055B-9A03-4A93-88D9-7105D2FD26D9}.Release|ARM64.ActiveCfg = Release|ARM64
		{DE14055B-9A03-4A93-88D9-7105D2FD26D9}.Release|ARM64.Build.0 = Release|ARM64
		{DE14055B-9A03-4A93-88D9-7105D2FD26D9}.Release|x64.ActiveCfg = Release|x64
		{DE14055B-9A03-4A93-88D9-7105D2FD26D9}.Release|x64.Build.0 = Release|x64
		{DE14055B-9A03-4A93-88D9-7105D2FD26D9}.Release|x86.ActiveCfg = Release|x86
		{DE14055B-9A03-4A93-88D9-7105D2FD26D9}.Release|x86.Build.0 = Release|x86
		{31899E4F-DA88-43CB-BF8F-C80516FEACA5}.Debug|Any CPU.ActiveCfg = Debug|Any CPU
		{31899E4F-DA88-43CB-BF8F-C80516FEACA5}.Debug|Any CPU.Build.0 = Debug|Any CPU
		{31899E4F-DA88-43CB-BF8F-C80516FEACA5}.Debug|ARM64.ActiveCfg = Debug|Any CPU
		{31899E4F-DA88-43CB-BF8F-C80516FEACA5}.Debug|ARM64.Build.0 = Debug|Any CPU
		{31899E4F-DA88-43CB-BF8F-C80516FEACA5}.Debug|x64.ActiveCfg = Debug|Any CPU
		{31899E4F-DA88-43CB-BF8F-C80516FEACA5}.Debug|x64.Build.0 = Debug|Any CPU
		{31899E4F-DA88-43CB-BF8F-C80516FEACA5}.Debug|x86.ActiveCfg = Debug|Any CPU
		{31899E4F-DA88-43CB-BF8F-C80516FEACA5}.Debug|x86.Build.0 = Debug|Any CPU
		{31899E4F-DA88-43CB-BF8F-C80516FEACA5}.Release|Any CPU.ActiveCfg = Release|Any CPU
		{31899E4F-DA88-43CB-BF8F-C80516FEACA5}.Release|Any CPU.Build.0 = Release|Any CPU
		{31899E4F-DA88-43CB-BF8F-C80516FEACA5}.Release|ARM64.ActiveCfg = Release|Any CPU
		{31899E4F-DA88-43CB-BF8F-C80516FEACA5}.Release|ARM64.Build.0 = Release|Any CPU
		{31899E4F-DA88-43CB-BF8F-C80516FEACA5}.Release|x64.ActiveCfg = Release|Any CPU
		{31899E4F-DA88-43CB-BF8F-C80516FEACA5}.Release|x64.Build.0 = Release|Any CPU
		{31899E4F-DA88-43CB-BF8F-C80516FEACA5}.Release|x86.ActiveCfg = Release|Any CPU
		{31899E4F-DA88-43CB-BF8F-C80516FEACA5}.Release|x86.Build.0 = Release|Any CPU
		{728C96B9-399D-43F1-A60A-CE97AC3BFF98}.Debug|Any CPU.ActiveCfg = Debug|Any CPU
		{728C96B9-399D-43F1-A60A-CE97AC3BFF98}.Debug|Any CPU.Build.0 = Debug|Any CPU
		{728C96B9-399D-43F1-A60A-CE97AC3BFF98}.Debug|ARM64.ActiveCfg = Debug|Any CPU
		{728C96B9-399D-43F1-A60A-CE97AC3BFF98}.Debug|ARM64.Build.0 = Debug|Any CPU
		{728C96B9-399D-43F1-A60A-CE97AC3BFF98}.Debug|x64.ActiveCfg = Debug|Any CPU
		{728C96B9-399D-43F1-A60A-CE97AC3BFF98}.Debug|x64.Build.0 = Debug|Any CPU
		{728C96B9-399D-43F1-A60A-CE97AC3BFF98}.Debug|x86.ActiveCfg = Debug|Any CPU
		{728C96B9-399D-43F1-A60A-CE97AC3BFF98}.Debug|x86.Build.0 = Debug|Any CPU
		{728C96B9-399D-43F1-A60A-CE97AC3BFF98}.Release|Any CPU.ActiveCfg = Release|Any CPU
		{728C96B9-399D-43F1-A60A-CE97AC3BFF98}.Release|Any CPU.Build.0 = Release|Any CPU
		{728C96B9-399D-43F1-A60A-CE97AC3BFF98}.Release|ARM64.ActiveCfg = Release|Any CPU
		{728C96B9-399D-43F1-A60A-CE97AC3BFF98}.Release|ARM64.Build.0 = Release|Any CPU
		{728C96B9-399D-43F1-A60A-CE97AC3BFF98}.Release|x64.ActiveCfg = Release|Any CPU
		{728C96B9-399D-43F1-A60A-CE97AC3BFF98}.Release|x64.Build.0 = Release|Any CPU
		{728C96B9-399D-43F1-A60A-CE97AC3BFF98}.Release|x86.ActiveCfg = Release|Any CPU
		{728C96B9-399D-43F1-A60A-CE97AC3BFF98}.Release|x86.Build.0 = Release|Any CPU
	EndGlobalSection
	GlobalSection(SolutionProperties) = preSolution
		HideSolutionNode = FALSE
	EndGlobalSection
	GlobalSection(NestedProjects) = preSolution
		{31899E4F-DA88-43CB-BF8F-C80516FEACA5} = {827E0CD3-B72D-47B6-A68D-7590B98EB39B}
		{728C96B9-399D-43F1-A60A-CE97AC3BFF98} = {0AB3BF05-4346-4AA6-1389-037BE0695223}
	EndGlobalSection
EndGlobal
